
Microsoft Visual Studio Solution File, Format Version 12.00
# Visual Studio Version 17
VisualStudioVersion = 17.0.32112.339
MinimumVisualStudioVersion = 10.0.40219.1
Project("{FAE04EC0-301F-11D3-BF4B-00C04F79EFBC}") = "VSCaptureWave", "VSCaptureWave.csproj", "{FDC8CCD6-F1B1-4C44-9F12-03CF3907C59E}"
EndProject
Global
	GlobalSection(SolutionConfigurationPlatforms) = preSolution
		Debug|Any CPU = Debug|Any CPU
		Release|Any CPU = Release|Any CPU
	EndGlobalSection
	GlobalSection(ProjectConfigurationPlatforms) = postSolution
		{FDC8CCD6-F1B1-4C44-9F12-03CF3907C59E}.Debug|Any CPU.ActiveCfg = Debug|Any CPU
		{FDC8CCD6-F1B1-4C44-9F12-03CF3907C59E}.Debug|Any CPU.Build.0 = Debug|Any CPU
		{FDC8CCD6-F1B1-4C44-9F12-03CF3907C59E}.Release|Any CPU.ActiveCfg = Release|Any CPU
		{FDC8CCD6-F1B1-4C44-9F12-03CF3907C59E}.Release|Any CPU.Build.0 = Release|Any CPU
	EndGlobalSection
	GlobalSection(SolutionProperties) = preSolution
		HideSolutionNode = FALSE
	EndGlobalSection
	GlobalSection(ExtensibilityGlobals) = postSolution
		SolutionGuid = {D5F3E83C-0976-4DFD-8167-8EC388931994}
	EndGlobalSection
EndGlobal
